
Microsoft Visual Studio Solution File, Format Version 12.00
# Visual Studio 15
VisualStudioVersion = 15.0.28307.168
MinimumVisualStudioVersion = 10.0.40219.1
Project("{FAE04EC0-301F-11D3-BF4B-00C04F79EFBC}") = "UwpRefProblem", "UwpRefProblem\UwpRefProblem.csproj", "{898C908A-1663-4E14-84AF-8CBF1AF89D14}"
EndProject
Global
	GlobalSection(SolutionConfigurationPlatforms) = preSolution
		Debug|Any CPU = Debug|Any CPU
		Release|Any CPU = Release|Any CPU
	EndGlobalSection
	GlobalSection(ProjectConfigurationPlatforms) = postSolution
		{898C908A-1663-4E14-84AF-8CBF1AF89D14}.Debug|Any CPU.ActiveCfg = Debug|Any CPU
		{898C908A-1663-4E14-84AF-8CBF1AF89D14}.Debug|Any CPU.Build.0 = Debug|Any CPU
		{898C908A-1663-4E14-84AF-8CBF1AF89D14}.Release|Any CPU.ActiveCfg = Release|Any CPU
		{898C908A-1663-4E14-84AF-8CBF1AF89D14}.Release|Any CPU.Build.0 = Release|Any CPU
	EndGlobalSection
	GlobalSection(SolutionProperties) = preSolution
		HideSolutionNode = FALSE
	EndGlobalSection
	GlobalSection(ExtensibilityGlobals) = postSolution
		SolutionGuid = {E56B6A4C-EFCC-431D-ADF9-9F15117EB451}
	EndGlobalSection
EndGlobal
